// !$*UTF8*$!
{
	archiveVersion = 1;
	classes = {
	};
	objectVersion = 46;
	objects = {

/* Begin PBXBuildFile section */
		29582F4A196FC87A00540C74 /* AppDelegate.swift in Sources */ = {isa = PBXBuildFile; fileRef = 29582F49196FC87A00540C74 /* AppDelegate.swift */; };
		29582F4C196FC87A00540C74 /* ViewController.swift in Sources */ = {isa = PBXBuildFile; fileRef = 29582F4B196FC87A00540C74 /* ViewController.swift */; };
		29582F4F196FC87A00540C74 /* Main.storyboard in Resources */ = {isa = PBXBuildFile; fileRef = 29582F4D196FC87A00540C74 /* Main.storyboard */; };
		29582F51196FC87A00540C74 /* Images.xcassets in Resources */ = {isa = PBXBuildFile; fileRef = 29582F50196FC87A00540C74 /* Images.xcassets */; };
		29582F68196FC8ED00540C74 /* RMCharacter.framework in Frameworks */ = {isa = PBXBuildFile; fileRef = 29582F67196FC8ED00540C74 /* RMCharacter.framework */; };
		29582F6A196FC90100540C74 /* RMCharacter.bundle in Resources */ = {isa = PBXBuildFile; fileRef = 29582F69196FC90100540C74 /* RMCharacter.bundle */; };
		29DC1F0C196FCB1D00FAE4DE /* AVFoundation.framework in Frameworks */ = {isa = PBXBuildFile; fileRef = 29DC1F0B196FCB1D00FAE4DE /* AVFoundation.framework */; };
/* End PBXBuildFile section */

/* Begin PBXFileReference section */
		29582F44196FC87A00540C74 /* RomoCharacterDemo.app */ = {isa = PBXFileReference; explicitFileType = wrapper.application; includeInIndex = 0; path = RomoCharacterDemo.app; sourceTree = BUILT_PRODUCTS_DIR; };
		29582F48196FC87A00540C74 /* Info.plist */ = {isa = PBXFileReference; lastKnownFileType = text.plist.xml; path = Info.plist; sourceTree = "<group>"; };
		29582F49196FC87A00540C74 /* AppDelegate.swift */ = {isa = PBXFileReference; lastKnownFileType = sourcecode.swift; path = AppDelegate.swift; sourceTree = "<group>"; };
		29582F4B196FC87A00540C74 /* ViewController.swift */ = {isa = PBXFileReference; lastKnownFileType = sourcecode.swift; path = ViewController.swift; sourceTree = "<group>"; };
		29582F4E196FC87A00540C74 /* Base */ = {isa = PBXFileReference; lastKnownFileType = file.storyboard; name = Base; path = Base.lproj/Main.storyboard; sourceTree = "<group>"; };
		29582F50196FC87A00540C74 /* Images.xcassets */ = {isa = PBXFileReference; lastKnownFileType = folder.assetcatalog; path = Images.xcassets; sourceTree = "<group>"; };
		29582F66196FC8B900540C74 /* Bridging-Header.h */ = {isa = PBXFileReference; lastKnownFileType = sourcecode.c.h; path = "Bridging-Header.h"; sourceTree = "<group>"; };
		29582F67196FC8ED00540C74 /* RMCharacter.framework */ = {isa = PBXFileReference; lastKnownFileType = wrapper.framework; name = RMCharacter.framework; path = ../../Dropbox/Romo/RomoSDK_v1.0C/frameworks/RMCharacter.framework; sourceTree = "<group>"; };
		29582F69196FC90100540C74 /* RMCharacter.bundle */ = {isa = PBXFileReference; lastKnownFileType = "wrapper.plug-in"; name = RMCharacter.bundle; path = ../../Dropbox/Romo/RomoSDK_v1.0C/frameworks/RMCharacter.bundle; sourceTree = "<group>"; };
		29DC1F0B196FCB1D00FAE4DE /* AVFoundation.framework */ = {isa = PBXFileReference; lastKnownFileType = wrapper.framework; name = AVFoundation.framework; path = System/Library/Frameworks/AVFoundation.framework; sourceTree = SDKROOT; };
/* End PBXFileReference section */

/* Begin PBXFrameworksBuildPhase section */
		29582F41196FC87A00540C74 /* Frameworks */ = {
			isa = PBXFrameworksBuildPhase;
			buildActionMask = 2147483647;
			files = (
				29DC1F0C196FCB1D00FAE4DE /* AVFoundation.framework in Frameworks */,
				29582F68196FC8ED00540C74 /* RMCharacter.framework in Frameworks */,
			);
			runOnlyForDeploymentPostprocessing = 0;
		};
/* End PBXFrameworksBuildPhase section */

/* Begin PBXGroup section */
		29582F3B196FC87A00540C74 = {
			isa = PBXGroup;
			children = (
				29582F46196FC87A00540C74 /* RomoCharacterDemo */,
				298D3432196FC95C00119114 /* Frameworks */,
				29582F45196FC87A00540C74 /* Products */,
			);
			sourceTree = "<group>";
		};
		29582F45196FC87A00540C74 /* Products */ = {
			isa = PBXGroup;
			children = (
				29582F44196FC87A00540C74 /* RomoCharacterDemo.app */,
			);
			name = Products;
			sourceTree = "<group>";
		};
		29582F46196FC87A00540C74 /* RomoCharacterDemo */ = {
			isa = PBXGroup;
			children = (
				29582F49196FC87A00540C74 /* AppDelegate.swift */,
				29582F4B196FC87A00540C74 /* ViewController.swift */,
				29582F4D196FC87A00540C74 /* Main.storyboard */,
				29582F50196FC87A00540C74 /* Images.xcassets */,
				29582F47196FC87A00540C74 /* Supporting Files */,
				29582F66196FC8B900540C74 /* Bridging-Header.h */,
			);
			path = RomoCharacterDemo;
			sourceTree = "<group>";
		};
		29582F47196FC87A00540C74 /* Supporting Files */ = {
			isa = PBXGroup;
			children = (
				29582F48196FC87A00540C74 /* Info.plist */,
			);
			name = "Supporting Files";
			sourceTree = "<group>";
		};
		298D3432196FC95C00119114 /* Frameworks */ = {
			isa = PBXGroup;
			children = (
				29DC1F0B196FCB1D00FAE4DE /* AVFoundation.framework */,
				29582F69196FC90100540C74 /* RMCharacter.bundle */,
				29582F67196FC8ED00540C74 /* RMCharacter.framework */,
			);
			name = Frameworks;
			sourceTree = "<group>";
		};
/* End PBXGroup section */

/* Begin PBXNativeTarget section */
		29582F43196FC87A00540C74 /* RomoCharacterDemo */ = {
			isa = PBXNativeTarget;
			buildConfigurationList = 29582F60196FC87B00540C74 /* Build configuration list for PBXNativeTarget "RomoCharacterDemo" */;
			buildPhases = (
				29582F40196FC87A00540C74 /* Sources */,
				29582F41196FC87A00540C74 /* Frameworks */,
				29582F42196FC87A00540C74 /* Resources */,
			);
			buildRules = (
			);
			dependencies = (
			);
			name = RomoCharacterDemo;
			productName = RomoCharacterDemo;
			productReference = 29582F44196FC87A00540C74 /* RomoCharacterDemo.app */;
			productType = "com.apple.product-type.application";
		};
/* End PBXNativeTarget section */

/* Begin PBXProject section */
		29582F3C196FC87A00540C74 /* Project object */ = {
			isa = PBXProject;
			attributes = {
				LastUpgradeCheck = 0600;
				ORGANIZATIONNAME = "Techlier Inc.";
				TargetAttributes = {
					29582F43196FC87A00540C74 = {
						CreatedOnToolsVersion = 6.0;
					};
				};
			};
			buildConfigurationList = 29582F3F196FC87A00540C74 /* Build configuration list for PBXProject "RomoCharacterDemo" */;
			compatibilityVersion = "Xcode 3.2";
			developmentRegion = English;
			hasScannedForEncodings = 0;
			knownRegions = (
				en,
				Base,
			);
			mainGroup = 29582F3B196FC87A00540C74;
			productRefGroup = 29582F45196FC87A00540C74 /* Products */;
			projectDirPath = "";
			projectRoot = "";
			targets = (
				29582F43196FC87A00540C74 /* RomoCharacterDemo */,
			);
		};
/* End PBXProject section */

/* Begin PBXResourcesBuildPhase section */
		29582F42196FC87A00540C74 /* Resources */ = {
			isa = PBXResourcesBuildPhase;
			buildActionMask = 2147483647;
			files = (
				29582F6A196FC90100540C74 /* RMCharacter.bundle in Resources */,
				29582F4F196FC87A00540C74 /* Main.storyboard in Resources */,
				29582F51196FC87A00540C74 /* Images.xcassets in Resources */,
			);
			runOnlyForDeploymentPostprocessing = 0;
		};
/* End PBXResourcesBuildPhase section */

/* Begin PBXSourcesBuildPhase section */
		29582F40196FC87A00540C74 /* Sources */ = {
			isa = PBXSourcesBuildPhase;
			buildActionMask = 2147483647;
			files = (
				29582F4C196FC87A00540C74 /* ViewController.swift in Sources */,
				29582F4A196FC87A00540C74 /* AppDelegate.swift in Sources */,
			);
			runOnlyForDeploymentPostprocessing = 0;
		};
/* End PBXSourcesBuildPhase section */

/* Begin PBXVariantGroup section */
		29582F4D196FC87A00540C74 /* Main.storyboard */ = {
			isa = PBXVariantGroup;
			children = (
				29582F4E196FC87A00540C74 /* Base */,
			);
			name = Main.storyboard;
			sourceTree = "<group>";
		};
/* End PBXVariantGroup section */

/* Begin XCBuildConfiguration section */
		29582F5E196FC87B00540C74 /* Debug */ = {
			isa = XCBuildConfiguration;
			buildSettings = {
				ALWAYS_SEARCH_USER_PATHS = NO;
				CLANG_CXX_LANGUAGE_STANDARD = "gnu++0x";
				CLANG_CXX_LIBRARY = "libc++";
				CLANG_ENABLE_MODULES = YES;
				CLANG_ENABLE_OBJC_ARC = YES;
				CLANG_WARN_BOOL_CONVERSION = YES;
				CLANG_WARN_CONSTANT_CONVERSION = YES;
				CLANG_WARN_DIRECT_OBJC_ISA_USAGE = YES_ERROR;
				CLANG_WARN_EMPTY_BODY = YES;
				CLANG_WARN_ENUM_CONVERSION = YES;
				CLANG_WARN_INT_CONVERSION = YES;
				CLANG_WARN_OBJC_ROOT_CLASS = YES_ERROR;
				CLANG_WARN_UNREACHABLE_CODE = YES;
				CLANG_WARN__DUPLICATE_METHOD_MATCH = YES;
				"CODE_SIGN_IDENTITY[sdk=iphoneos*]" = "iPhone Developer";
				COPY_PHASE_STRIP = NO;
				ENABLE_STRICT_OBJC_MSGSEND = YES;
				GCC_C_LANGUAGE_STANDARD = gnu99;
				GCC_DYNAMIC_NO_PIC = NO;
				GCC_OPTIMIZATION_LEVEL = 0;
				GCC_PREPROCESSOR_DEFINITIONS = (
					"DEBUG=1",
					"$(inherited)",
				);
				GCC_SYMBOLS_PRIVATE_EXTERN = NO;
				GCC_WARN_64_TO_32_BIT_CONVERSION = YES;
				GCC_WARN_ABOUT_RETURN_TYPE = YES_ERROR;
				GCC_WARN_UNDECLARED_SELECTOR = YES;
				GCC_WARN_UNINITIALIZED_AUTOS = YES_AGGRESSIVE;
				GCC_WARN_UNUSED_FUNCTION = YES;
				GCC_WARN_UNUSED_VARIABLE = YES;
				IPHONEOS_DEPLOYMENT_TARGET = 7.0;
				MTL_ENABLE_DEBUG_INFO = YES;
				ONLY_ACTIVE_ARCH = YES;
				SDKROOT = iphoneos;
				SWIFT_OPTIMIZATION_LEVEL = "-Onone";
			};
			name = Debug;
		};
		29582F5F196FC87B00540C74 /* Release */ = {
			isa = XCBuildConfiguration;
			buildSettings = {
				ALWAYS_SEARCH_USER_PATHS = NO;
				CLANG_CXX_LANGUAGE_STANDARD = "gnu++0x";
				CLANG_CXX_LIBRARY = "libc++";
				CLANG_ENABLE_MODULES = YES;
				CLANG_ENABLE_OBJC_ARC = YES;
				CLANG_WARN_BOOL_CONVERSION = YES;
				CLANG_WARN_CONSTANT_CONVERSION = YES;
				CLANG_WARN_DIRECT_OBJC_ISA_USAGE = YES_ERROR;
				CLANG_WARN_EMPTY_BODY = YES;
				CLANG_WARN_ENUM_CONVERSION = YES;
				CLANG_WARN_INT_CONVERSION = YES;
				CLANG_WARN_OBJC_ROOT_CLASS = YES_ERROR;
				CLANG_WARN_UNREACHABLE_CODE = YES;
				CLANG_WARN__DUPLICATE_METHOD_MATCH = YES;
				"CODE_SIGN_IDENTITY[sdk=iphoneos*]" = "iPhone Developer";
				COPY_PHASE_STRIP = YES;
				ENABLE_NS_ASSERTIONS = NO;
				ENABLE_STRICT_OBJC_MSGSEND = YES;
				GCC_C_LANGUAGE_STANDARD = gnu99;
				GCC_WARN_64_TO_32_BIT_CONVERSION = YES;
				GCC_WARN_ABOUT_RETURN_TYPE = YES_ERROR;
				GCC_WARN_UNDECLARED_SELECTOR = YES;
				GCC_WARN_UNINITIALIZED_AUTOS = YES_AGGRESSIVE;
				GCC_WARN_UNUSED_FUNCTION = YES;
				GCC_WARN_UNUSED_VARIABLE = YES;
				IPHONEOS_DEPLOYMENT_TARGET = 7.0;
				MTL_ENABLE_DEBUG_INFO = NO;
				SDKROOT = iphoneos;
				VALIDATE_PRODUCT = YES;
			};
			name = Release;
		};
		29582F61196FC87B00540C74 /* Debug */ = {
			isa = XCBuildConfiguration;
			buildSettings = {
				ARCHS = "$(ARCHS_STANDARD_32_BIT)";
				ASSETCATALOG_COMPILER_APPICON_NAME = AppIcon;
				ASSETCATALOG_COMPILER_LAUNCHIMAGE_NAME = LaunchImage;
				FRAMEWORK_SEARCH_PATHS = (
					"$(inherited)",
					/Users/kz/Dropbox/Romo/RomoSDK_v1.0C/frameworks,
				);
				INFOPLIST_FILE = RomoCharacterDemo/Info.plist;
				LD_RUNPATH_SEARCH_PATHS = "$(inherited) @executable_path/Frameworks";
				PRODUCT_NAME = "$(TARGET_NAME)";
				SWIFT_OBJC_BRIDGING_HEADER = "$(SRCROOT)/$(PROJECT)/Bridging-Header.h";
			};
			name = Debug;
		};
		29582F62196FC87B00540C74 /* Release */ = {
			isa = XCBuildConfiguration;
			buildSettings = {
				ARCHS = "$(ARCHS_STANDARD_32_BIT)";
				ASSETCATALOG_COMPILER_APPICON_NAME = AppIcon;
				ASSETCATALOG_COMPILER_LAUNCHIMAGE_NAME = LaunchImage;
				FRAMEWORK_SEARCH_PATHS = (
					"$(inherited)",
					/Users/kz/Dropbox/Romo/RomoSDK_v1.0C/frameworks,
				);
				INFOPLIST_FILE = RomoCharacterDemo/Info.plist;
				LD_RUNPATH_SEARCH_PATHS = "$(inherited) @executable_path/Frameworks";
				PRODUCT_NAME = "$(TARGET_NAME)";
				SWIFT_OBJC_BRIDGING_HEADER = "$(SRCROOT)/$(PROJECT)/Bridging-Header.h";
			};
			name = Release;
		};
/* End XCBuildConfiguration section */

/* Begin XCConfigurationList section */
		29582F3F196FC87A00540C74 /* Build configuration list for PBXProject "RomoCharacterDemo" */ = {
			isa = XCConfigurationList;
			buildConfigurations = (
				29582F5E196FC87B00540C74 /* Debug */,
				29582F5F196FC87B00540C74 /* Release */,
			);
			defaultConfigurationIsVisible = 0;
			defaultConfigurationName = Release;
		};
		29582F60196FC87B00540C74 /* Build configuration list for PBXNativeTarget "RomoCharacterDemo" */ = {
			isa = XCConfigurationList;
			buildConfigurations = (
				29582F61196FC87B00540C74 /* Debug */,
				29582F62196FC87B00540C74 /* Release */,
			);
			defaultConfigurationIsVisible = 0;
			defaultConfigurationName = Release;
		};
/* End XCConfigurationList section */
	};
	rootObject = 29582F3C196FC87A00540C74 /* Project object */;
}
